
Microsoft Visual Studio Solution File, Format Version 12.00
# Visual Studio Version 16
VisualStudioVersion = 16.0.30011.22
MinimumVisualStudioVersion = 10.0.40219.1
Project("{9A19103F-16F7-4668-BE54-9A1E7A4F7556}") = "PrestamosdeJuegos", "PrestamosdeJuegos.csproj", "{20075659-7A1E-43D7-9007-9E992379245C}"
EndProject
Global
	GlobalSection(SolutionConfigurationPlatforms) = preSolution
		Debug|Any CPU = Debug|Any CPU
		Release|Any CPU = Release|Any CPU
	EndGlobalSection
	GlobalSection(ProjectConfigurationPlatforms) = postSolution
		{20075659-7A1E-43D7-9007-9E992379245C}.Debug|Any CPU.ActiveCfg = Debug|Any CPU
		{20075659-7A1E-43D7-9007-9E992379245C}.Debug|Any CPU.Build.0 = Debug|Any CPU
		{20075659-7A1E-43D7-9007-9E992379245C}.Release|Any CPU.ActiveCfg = Release|Any CPU
		{20075659-7A1E-43D7-9007-9E992379245C}.Release|Any CPU.Build.0 = Release|Any CPU
	EndGlobalSection
	GlobalSection(SolutionProperties) = preSolution
		HideSolutionNode = FALSE
	EndGlobalSection
	GlobalSection(ExtensibilityGlobals) = postSolution
		SolutionGuid = {7BF9E96A-30EF-4CA5-9F40-AC8988BC7D3C}
	EndGlobalSection
EndGlobal
